
Microsoft Visual Studio Solution File, Format Version 12.00
# Visual Studio 15
VisualStudioVersion = 15.0.28307.705
MinimumVisualStudioVersion = 10.0.40219.1
Project("{FAE04EC0-301F-11D3-BF4B-00C04F79EFBC}") = "ISW_TP6", "ISW_TP6\ISW_TP6.csproj", "{F553D758-EF69-43D7-9782-D9DAA8AF5D1B}"
EndProject
Global
	GlobalSection(SolutionConfigurationPlatforms) = preSolution
		Debug|Any CPU = Debug|Any CPU
		Release|Any CPU = Release|Any CPU
	EndGlobalSection
	GlobalSection(ProjectConfigurationPlatforms) = postSolution
		{F553D758-EF69-43D7-9782-D9DAA8AF5D1B}.Debug|Any CPU.ActiveCfg = Debug|Any CPU
		{F553D758-EF69-43D7-9782-D9DAA8AF5D1B}.Debug|Any CPU.Build.0 = Debug|Any CPU
		{F553D758-EF69-43D7-9782-D9DAA8AF5D1B}.Release|Any CPU.ActiveCfg = Release|Any CPU
		{F553D758-EF69-43D7-9782-D9DAA8AF5D1B}.Release|Any CPU.Build.0 = Release|Any CPU
	EndGlobalSection
	GlobalSection(SolutionProperties) = preSolution
		HideSolutionNode = FALSE
	EndGlobalSection
	GlobalSection(ExtensibilityGlobals) = postSolution
		SolutionGuid = {9873C339-9498-427C-ACEB-5F0A6E6E0D85}
	EndGlobalSection
EndGlobal
